
Microsoft Visual Studio Solution File, Format Version 12.00
# Visual Studio Version 16
VisualStudioVersion = 16.0.30804.86
MinimumVisualStudioVersion = 10.0.40219.1
Project("{9A19103F-16F7-4668-BE54-9A1E7A4F7556}") = "CQRS vs CRUD", "CQRS vs CRUD\CQRS vs CRUD.csproj", "{38C0F645-33E1-44F1-AA34-0CECAB292F6F}"
EndProject
Project("{2150E333-8FDC-42A3-9474-1A3956D46DE8}") = "CQRS", "CQRS", "{2B329BA0-6EE2-4EE4-BB63-4C10EA2A6B39}"
EndProject
Project("{2150E333-8FDC-42A3-9474-1A3956D46DE8}") = "CRUD", "CRUD", "{0E9C804E-31ED-46AD-9228-BC7B2CAEF735}"
EndProject
Project("{9A19103F-16F7-4668-BE54-9A1E7A4F7556}") = "CQRS.Api", "CQRS.Api\CQRS.Api.csproj", "{810AFFA6-9EE7-4D97-B5E7-C07DD5F59782}"
EndProject
Project("{9A19103F-16F7-4668-BE54-9A1E7A4F7556}") = "CQRS.Application", "CQRS.Application\CQRS.Application.csproj", "{86C731D1-EC15-436C-B936-A03A833859B5}"
EndProject
Project("{9A19103F-16F7-4668-BE54-9A1E7A4F7556}") = "CQRS.Infrastructure", "CQRS.Infrastructure\CQRS.Infrastructure.csproj", "{51C73A36-8B62-4A78-89C9-39275A0535D6}"
EndProject
Project("{2150E333-8FDC-42A3-9474-1A3956D46DE8}") = "Tests", "Tests", "{A1E1AF3A-C727-4911-95A2-7BA86C515F66}"
EndProject
Project("{FAE04EC0-301F-11D3-BF4B-00C04F79EFBC}") = "CQRS.Api.UnitTests", "CQRS.Api.Tests\CQRS.Api.UnitTests.csproj", "{960CBA0B-9B8C-44B7-A0D5-2D1C4846F0E9}"
EndProject
Project("{FAE04EC0-301F-11D3-BF4B-00C04F79EFBC}") = "CQRS.Api.IntegrationTests", "CQRS.Api.IntegrationTests\CQRS.Api.IntegrationTests.csproj", "{1AF15A52-052F-4430-BD0D-D1F894A8A319}"
EndProject
Project("{FAE04EC0-301F-11D3-BF4B-00C04F79EFBC}") = "CQRS.Domain", "CQRS.Domain\CQRS.Domain.csproj", "{EEBFB772-9F1E-40AE-A4AA-851DBF22E6F4}"
EndProject
Project("{FAE04EC0-301F-11D3-BF4B-00C04F79EFBC}") = "CQRS.Api.PerformanceTests", "CQRS.Api.PerformanceTests\CQRS.Api.PerformanceTests.csproj", "{CE1C7F50-EC50-4440-9E52-37E073013D38}"
EndProject
Project("{2150E333-8FDC-42A3-9474-1A3956D46DE8}") = "Solution Items", "Solution Items", "{74433E63-F5B3-4324-A0DD-38CC1AB50D61}"
	ProjectSection(SolutionItems) = preProject
		docker-compose.yml = docker-compose.yml
	EndProjectSection
EndProject
Global
	GlobalSection(SolutionConfigurationPlatforms) = preSolution
		Debug|Any CPU = Debug|Any CPU
		Release|Any CPU = Release|Any CPU
	EndGlobalSection
	GlobalSection(ProjectConfigurationPlatforms) = postSolution
		{38C0F645-33E1-44F1-AA34-0CECAB292F6F}.Debug|Any CPU.ActiveCfg = Debug|Any CPU
		{38C0F645-33E1-44F1-AA34-0CECAB292F6F}.Debug|Any CPU.Build.0 = Debug|Any CPU
		{38C0F645-33E1-44F1-AA34-0CECAB292F6F}.Release|Any CPU.ActiveCfg = Release|Any CPU
		{38C0F645-33E1-44F1-AA34-0CECAB292F6F}.Release|Any CPU.Build.0 = Release|Any CPU
		{810AFFA6-9EE7-4D97-B5E7-C07DD5F59782}.Debug|Any CPU.ActiveCfg = Debug|Any CPU
		{810AFFA6-9EE7-4D97-B5E7-C07DD5F59782}.Debug|Any CPU.Build.0 = Debug|Any CPU
		{810AFFA6-9EE7-4D97-B5E7-C07DD5F59782}.Release|Any CPU.ActiveCfg = Release|Any CPU
		{810AFFA6-9EE7-4D97-B5E7-C07DD5F59782}.Release|Any CPU.Build.0 = Release|Any CPU
		{86C731D1-EC15-436C-B936-A03A833859B5}.Debug|Any CPU.ActiveCfg = Debug|Any CPU
		{86C731D1-EC15-436C-B936-A03A833859B5}.Debug|Any CPU.Build.0 = Debug|Any CPU
		{86C731D1-EC15-436C-B936-A03A833859B5}.Release|Any CPU.ActiveCfg = Release|Any CPU
		{86C731D1-EC15-436C-B936-A03A833859B5}.Release|Any CPU.Build.0 = Release|Any CPU
		{51C73A36-8B62-4A78-89C9-39275A0535D6}.Debug|Any CPU.ActiveCfg = Debug|Any CPU
		{51C73A36-8B62-4A78-89C9-39275A0535D6}.Debug|Any CPU.Build.0 = Debug|Any CPU
		{51C73A36-8B62-4A78-89C9-39275A0535D6}.Release|Any CPU.ActiveCfg = Release|Any CPU
		{51C73A36-8B62-4A78-89C9-39275A0535D6}.Release|Any CPU.Build.0 = Release|Any CPU
		{960CBA0B-9B8C-44B7-A0D5-2D1C4846F0E9}.Debug|Any CPU.ActiveCfg = Debug|Any CPU
		{960CBA0B-9B8C-44B7-A0D5-2D1C4846F0E9}.Debug|Any CPU.Build.0 = Debug|Any CPU
		{960CBA0B-9B8C-44B7-A0D5-2D1C4846F0E9}.Release|Any CPU.ActiveCfg = Release|Any CPU
		{960CBA0B-9B8C-44B7-A0D5-2D1C4846F0E9}.Release|Any CPU.Build.0 = Release|Any CPU
		{1AF15A52-052F-4430-BD0D-D1F894A8A319}.Debug|Any CPU.ActiveCfg = Debug|Any CPU
		{1AF15A52-052F-4430-BD0D-D1F894A8A319}.Debug|Any CPU.Build.0 = Debug|Any CPU
		{1AF15A52-052F-4430-BD0D-D1F894A8A319}.Release|Any CPU.ActiveCfg = Release|Any CPU
		{1AF15A52-052F-4430-BD0D-D1F894A8A319}.Release|Any CPU.Build.0 = Release|Any CPU
		{EEBFB772-9F1E-40AE-A4AA-851DBF22E6F4}.Debug|Any CPU.ActiveCfg = Debug|Any CPU
		{EEBFB772-9F1E-40AE-A4AA-851DBF22E6F4}.Debug|Any CPU.Build.0 = Debug|Any CPU
		{EEBFB772-9F1E-40AE-A4AA-851DBF22E6F4}.Release|Any CPU.ActiveCfg = Release|Any CPU
		{EEBFB772-9F1E-40AE-A4AA-851DBF22E6F4}.Release|Any CPU.Build.0 = Release|Any CPU
		{CE1C7F50-EC50-4440-9E52-37E073013D38}.Debug|Any CPU.ActiveCfg = Debug|Any CPU
		{CE1C7F50-EC50-4440-9E52-37E073013D38}.Debug|Any CPU.Build.0 = Debug|Any CPU
		{CE1C7F50-EC50-4440-9E52-37E073013D38}.Release|Any CPU.ActiveCfg = Release|Any CPU
		{CE1C7F50-EC50-4440-9E52-37E073013D38}.Release|Any CPU.Build.0 = Release|Any CPU
	EndGlobalSection
	GlobalSection(SolutionProperties) = preSolution
		HideSolutionNode = FALSE
	EndGlobalSection
	GlobalSection(NestedProjects) = preSolution
		{810AFFA6-9EE7-4D97-B5E7-C07DD5F59782} = {2B329BA0-6EE2-4EE4-BB63-4C10EA2A6B39}
		{86C731D1-EC15-436C-B936-A03A833859B5} = {2B329BA0-6EE2-4EE4-BB63-4C10EA2A6B39}
		{51C73A36-8B62-4A78-89C9-39275A0535D6} = {2B329BA0-6EE2-4EE4-BB63-4C10EA2A6B39}
		{A1E1AF3A-C727-4911-95A2-7BA86C515F66} = {2B329BA0-6EE2-4EE4-BB63-4C10EA2A6B39}
		{960CBA0B-9B8C-44B7-A0D5-2D1C4846F0E9} = {A1E1AF3A-C727-4911-95A2-7BA86C515F66}
		{1AF15A52-052F-4430-BD0D-D1F894A8A319} = {A1E1AF3A-C727-4911-95A2-7BA86C515F66}
		{EEBFB772-9F1E-40AE-A4AA-851DBF22E6F4} = {2B329BA0-6EE2-4EE4-BB63-4C10EA2A6B39}
		{CE1C7F50-EC50-4440-9E52-37E073013D38} = {A1E1AF3A-C727-4911-95A2-7BA86C515F66}
	EndGlobalSection
	GlobalSection(ExtensibilityGlobals) = postSolution
		SolutionGuid = {EDFE60B5-70C6-46DF-BE5C-664F1EDF0099}
	EndGlobalSection
EndGlobal
